
Microsoft Visual Studio Solution File, Format Version 12.00
# Visual Studio Version 17
VisualStudioVersion = 17.10.35004.147
MinimumVisualStudioVersion = 10.0.40219.1
Project("{9A19103F-16F7-4668-BE54-9A1E7A4F7556}") = "SistemaGestionEntities", "SistemaGestionEntities\SistemaGestionEntities.csproj", "{7C15F1E3-4699-4639-81B3-4F3AA3E6DEFD}"
EndProject
Project("{9A19103F-16F7-4668-BE54-9A1E7A4F7556}") = "SistemaGestionData", "SistemaGestionData\SistemaGestionData.csproj", "{C818E771-6522-46A4-9EBE-7362B8F15276}"
EndProject
Project("{9A19103F-16F7-4668-BE54-9A1E7A4F7556}") = "SistemaGestionBussiness", "SistemaGestionBussiness\SistemaGestionBussiness.csproj", "{451839C7-4527-4378-BDF1-26EB087FCB32}"
EndProject
Project("{FAE04EC0-301F-11D3-BF4B-00C04F79EFBC}") = "FolderControllers", "FolderControllers\FolderControllers.csproj", "{5438854A-A92A-45FD-B787-D6ECD2B5FC6B}"
EndProject
Project("{9A19103F-16F7-4668-BE54-9A1E7A4F7556}") = "SistemaGestionUI", "SistemaGestionIU\SistemaGestionUI.csproj", "{91BABCD8-504C-4F80-8C80-0CD66023052C}"
EndProject
Global
	GlobalSection(SolutionConfigurationPlatforms) = preSolution
		Debug|Any CPU = Debug|Any CPU
		Release|Any CPU = Release|Any CPU
	EndGlobalSection
	GlobalSection(ProjectConfigurationPlatforms) = postSolution
		{7C15F1E3-4699-4639-81B3-4F3AA3E6DEFD}.Debug|Any CPU.ActiveCfg = Debug|Any CPU
		{7C15F1E3-4699-4639-81B3-4F3AA3E6DEFD}.Debug|Any CPU.Build.0 = Debug|Any CPU
		{7C15F1E3-4699-4639-81B3-4F3AA3E6DEFD}.Release|Any CPU.ActiveCfg = Release|Any CPU
		{7C15F1E3-4699-4639-81B3-4F3AA3E6DEFD}.Release|Any CPU.Build.0 = Release|Any CPU
		{C818E771-6522-46A4-9EBE-7362B8F15276}.Debug|Any CPU.ActiveCfg = Debug|Any CPU
		{C818E771-6522-46A4-9EBE-7362B8F15276}.Debug|Any CPU.Build.0 = Debug|Any CPU
		{C818E771-6522-46A4-9EBE-7362B8F15276}.Release|Any CPU.ActiveCfg = Release|Any CPU
		{C818E771-6522-46A4-9EBE-7362B8F15276}.Release|Any CPU.Build.0 = Release|Any CPU
		{451839C7-4527-4378-BDF1-26EB087FCB32}.Debug|Any CPU.ActiveCfg = Debug|Any CPU
		{451839C7-4527-4378-BDF1-26EB087FCB32}.Debug|Any CPU.Build.0 = Debug|Any CPU
		{451839C7-4527-4378-BDF1-26EB087FCB32}.Release|Any CPU.ActiveCfg = Release|Any CPU
		{451839C7-4527-4378-BDF1-26EB087FCB32}.Release|Any CPU.Build.0 = Release|Any CPU
		{5438854A-A92A-45FD-B787-D6ECD2B5FC6B}.Debug|Any CPU.ActiveCfg = Debug|Any CPU
		{5438854A-A92A-45FD-B787-D6ECD2B5FC6B}.Debug|Any CPU.Build.0 = Debug|Any CPU
		{5438854A-A92A-45FD-B787-D6ECD2B5FC6B}.Release|Any CPU.ActiveCfg = Release|Any CPU
		{5438854A-A92A-45FD-B787-D6ECD2B5FC6B}.Release|Any CPU.Build.0 = Release|Any CPU
		{91BABCD8-504C-4F80-8C80-0CD66023052C}.Debug|Any CPU.ActiveCfg = Debug|Any CPU
		{91BABCD8-504C-4F80-8C80-0CD66023052C}.Debug|Any CPU.Build.0 = Debug|Any CPU
		{91BABCD8-504C-4F80-8C80-0CD66023052C}.Release|Any CPU.ActiveCfg = Release|Any CPU
		{91BABCD8-504C-4F80-8C80-0CD66023052C}.Release|Any CPU.Build.0 = Release|Any CPU
	EndGlobalSection
	GlobalSection(SolutionProperties) = preSolution
		HideSolutionNode = FALSE
	EndGlobalSection
	GlobalSection(ExtensibilityGlobals) = postSolution
		SolutionGuid = {31E7E627-7A88-4CFF-8EE0-790017246FA5}
	EndGlobalSection
EndGlobal
